github.com/JamesHovious/w32 v1.2.0 h1:UZWv2ea6y4Kylzs7DGXWcSCaUH+OxH8q7aCFmMUqwao=
github.com/JamesHovious/w32 v1.2.0/go.mod h1:L6LTHMKvhtpGUkIYGTo4U9PKancYKpGS/+naYtTs8Ys=
github.com/agusnavce/ta v0.0.0-20200418172013-5c9a32e51185 h1:+NPtPSw3Z3ufQ7mIHQ67Laz0alU1AxsR3AqoydrB2oU=
github.com/agusnavce/ta v0.0.0-20200418172013-5c9a32e51185/go.mod h1:4Cvg7FR2/nRYYVtcAw6u3y1cj5E/YDiAvtT7ap+lLlk=
github.com/davecgh/go-spew v1.1.0 h1:ZDRjVQ15GmhC3fiQ8ni8+OwkZQO4DARzQgrnXU1Liz8=
github.com/davecgh/go-spew v1.1.0/go.mod h1:J7Y8YcW2NihsgmVo/mv3lAwl/skON4iLHjSsI+c5H38=
github.com/disintegration/imaging v1.6.2 h1:w1LecBlG2Lnp8B3jk5zSuNqd7b4DXhcjwek1ei82L+c=
github.com/disintegration/imaging v1.6.2/go.mod h1:44/5580QXChDfwIclfc/PCwrr44amcmDAg8hxG0Ewe4=
github.com/gen2brain/shm v0.0.0-20200228170931-49f9650110c5 h1:Y5Q2mEwfzjMt5+3u70Gtw93ZOu2UuPeeeTBDntF7FoY=
github.com/gen2brain/shm v0.0.0-20200228170931-49f9650110c5/go.mod h1:uF6rMu/1nvu+5DpiRLwusA6xB8zlkNoGzKn8lmYONUo=
github.com/hugolgst/rich-go v0.0.0-20210925091458-d59fb695d9c0 h1:IkZfZBWufGFLvci1vXLiUu8PWVtG6wlz920CMtHobMo=
github.com/hugolgst/rich-go v0.0.0-20210925091458-d59fb695d9c0/go.mod h1:nGaW7CGfNZnhtiFxMpc4OZdqIexGXjUlBnlmpZmjEKA=
github.com/jezek/xgb v0.0.0-20210312150743-0e0f116e1240 h1:dy+DS31tGEGCsZzB45HmJJNHjur8GDgtRNX9U7HnSX4=
github.com/jezek/xgb v0.0.0-20210312150743-0e0f116e1240/go.mod h1:3P4UH/k22rXyHIJD2w4h2XMqPX4Of/eySEZq9L6wqc4=
github.com/kbinani/screenshot v0.0.0-20210720154843-7d3a670d8329 h1:qq2nCpSrXrmvDGRxW0ruW9BVEV1CN2a9YDOExdt+U0o=
github.com/kbinani/screenshot v0.0.0-20210720154843-7d3a670d8329/go.mod h1:2VPVQDR4wO7KXHwP+DAypEy67rXf+okUx2zjgpCxZw4=
github.com/lxn/win v0.0.0-20210218163916-a377121e959e h1:H+t6A/QJMbhCSEH5rAuRxh+CtW96g0Or0Fxa9IKr4uc=
github.com/lxn/win v0.0.0-20210218163916-a377121e959e/go.mod h1:KxxjdtRkfNoYDCUP5ryK7XJJNTnpC8atvtmTheChOtk=
github.com/mitchellh/mapstructure v1.2.2 h1:dxe5oCinTXiTIcfgmZecdCzPmAJKd46KsCWc35r0TV4=
github.com/mitchellh/mapstructure v1.2.2/go.mod h1:bFUtVrKA4DC2yAKiSyO/QUcy7e+RRV2QTWOzhPopBRo=
github.com/oliamb/cutter v0.2.2 h1:Lfwkya0HHNU1YLnGv2hTkzHfasrSMkgv4Dn+5rmlk3k=
github.com/oliamb/cutter v0.2.2/go.mod h1:4BenG2/4GuRBDbVm/OPahDVqbrOemzpPiG5mi1iryBU=
github.com/pmezard/go-difflib v1.0.0 h1:4DBwDE0NGyQoBHbLQYPwSUPoCMWR5BEzIk/f1lZbAQM=
github.com/pmezard/go-difflib v1.0.0/go.mod h1:iKH77koFhYxTK1pcRnkKkqfTogsbg7gZNVY4sRDYZ/4=
github.com/stretchr/objx v0.1.0/go.mod h1:HFkY916IF+rwdDfMAkV7OtwuqBVzrE8GR6GFx+wExME=
github.com/stretchr/testify v1.7.2 h1:4jaiDzPyXQvSd7D0EjG45355tLlV3VOECpq10pLC+8s=
github.com/stretchr/testify v1.7.2/go.mod h1:R6va5+xMeoiuVRoj+gSkQ7d3FALtqAAGI1FQKckRals=
github.com/tidwall/gjson v1.6.0 h1:9VEQWz6LLMUsUl6PueE49ir4Ka6CzLymOAZDxpFsTDc=
github.com/tidwall/gjson v1.6.0/go.mod h1:P256ACg0Mn+j1RXIDXoss50DeIABTYK1PULOJHhxOls=
github.com/tidwall/match v1.0.1 h1:PnKP62LPNxHKTwvHHZZzdOAOCtsJTjo6dZLCwpKm5xc=
github.com/tidwall/match v1.0.1/go.mod h1:LujAq0jyVjBy028G1WhWfIzbpQfMO8bBZ6Tyb0+pL9E=
github.com/tidwall/pretty v1.0.0 h1:HsD+QiTn7sK6flMKIvNmpqz1qrpP3Ps6jOKIKMooyg4=
github.com/tidwall/pretty v1.0.0/go.mod h1:XNkn88O1ChpSDQmQeStsy+sBenx6DDtFZJxhVysOjyk=
github.com/vardius/shutdown v1.0.2 h1:wNHRpdYc+KvJ3Q9KmkwKiqsnaW5LfkcP9ElXXv0OpC4=
github.com/vardius/shutdown v1.0.2/go.mod h1:rvvQd32kv5NJycU1l4VJtqrJKY0Gg0IoQpVxZJeL44M=
golang.org/x/image v0.0.0-20191009234506-e7c1f5e7dbb8 h1:hVwzHzIUGRjiF7EcUjqNxk3NCfkPxbDKRdnNE1Rpg0U=
golang.org/x/image v0.0.0-20191009234506-e7c1f5e7dbb8/go.mod h1:FeLwcggjj3mMvU+oOTbSwawSJRM1uh48EjtB4UJZlP0=
golang.org/x/sys v0.0.0-20201018230417-eeed37f84f13 h1:5jaG59Zhd+8ZXe8C+lgiAGqkOaZBruqrWclLkgAww34=
golang.org/x/sys v0.0.0-20201018230417-eeed37f84f13/go.mod h1:h1NjWce9XRLGQEsW7wpKNCjG9DtNlClVuFLEZdDNbEs=
golang.org/x/text v0.3.0/go.mod h1:NqM8EUOU14njkJ3fqMW+pc6Ldnwhi/IjpwHt7yyuwOQ=
gopkg.in/check.v1 v0.0.0-20161208181325-20d25e280405/go.mod h1:Co6ibVJAznAaIkqp8huTwlJQCZ016jof/cbN4VW5Yz0=
gopkg.in/natefinch/npipe.v2 v2.0.0-20160621034901-c1b8fa8bdcce h1:+JknDZhAj8YMt7GC73Ei8pv4MzjDUNPHgQWJdtMAaDU=
gopkg.in/natefinch/npipe.v2 v2.0.0-20160621034901-c1b8fa8bdcce/go.mod h1:5AcXVHNjg+BDxry382+8OKon8SEWiKktQR07RKPsv1c=
gopkg.in/yaml.v3 v3.0.1 h1:fxVm/GzAzEWqLHuvctI91KS9hhNmmWOoWu0XTYJS7CA=
gopkg.in/yaml.v3 v3.0.1/go.mod h1:K4uyk7z7BCEPqu6E+C64Yfv1cQ7kz7rIZviUmN+EgEM=
